
Microsoft Visual Studio Solution File, Format Version 12.00
# Visual Studio Version 16
VisualStudioVersion = 16.0.31205.134
MinimumVisualStudioVersion = 10.0.40219.1
Project("{9A19103F-16F7-4668-BE54-9A1E7A4F7556}") = "Tipos_E_Conversoes", "CsharpIntro\Tipos_E_Conversoes.csproj", "{B007C1DE-BAE5-4E62-9965-452CF7877075}"
EndProject
Project("{9A19103F-16F7-4668-BE54-9A1E7A4F7556}") = "Estrutura_Condicoes", "Estrutura_Condicoes\Estrutura_Condicoes.csproj", "{271A786B-846F-40B2-A0A3-FB43B1C32484}"
EndProject
Project("{9A19103F-16F7-4668-BE54-9A1E7A4F7556}") = "Estrutura_Repeticao", "Estrutura_Repeticao\Estrutura_Repeticao.csproj", "{5FFF01B5-D69B-4442-9F06-F92171A7D2D0}"
EndProject
Project("{9A19103F-16F7-4668-BE54-9A1E7A4F7556}") = "Strings", "Strings\Strings.csproj", "{2EB81222-A4F9-40E8-96EB-F5F8D702757B}"
EndProject
Project("{9A19103F-16F7-4668-BE54-9A1E7A4F7556}") = "Arrays_e_Listas", "Arrays_e_Listas\Arrays_e_Listas.csproj", "{E2FB6A3B-91CD-4B24-BF38-9423F2029CBB}"
EndProject
Project("{9A19103F-16F7-4668-BE54-9A1E7A4F7556}") = "Linq", "Linq\Linq.csproj", "{B49A4819-5551-4C2B-ABA4-E0733C3E34DB}"
EndProject
Project("{FAE04EC0-301F-11D3-BF4B-00C04F79EFBC}") = "Datas", "Datas\Datas.csproj", "{982E07FA-983B-46C9-9C1C-8691104C4C52}"
EndProject
Global
	GlobalSection(SolutionConfigurationPlatforms) = preSolution
		Debug|Any CPU = Debug|Any CPU
		Release|Any CPU = Release|Any CPU
	EndGlobalSection
	GlobalSection(ProjectConfigurationPlatforms) = postSolution
		{B007C1DE-BAE5-4E62-9965-452CF7877075}.Debug|Any CPU.ActiveCfg = Debug|Any CPU
		{B007C1DE-BAE5-4E62-9965-452CF7877075}.Debug|Any CPU.Build.0 = Debug|Any CPU
		{B007C1DE-BAE5-4E62-9965-452CF7877075}.Release|Any CPU.ActiveCfg = Release|Any CPU
		{B007C1DE-BAE5-4E62-9965-452CF7877075}.Release|Any CPU.Build.0 = Release|Any CPU
		{271A786B-846F-40B2-A0A3-FB43B1C32484}.Debug|Any CPU.ActiveCfg = Debug|Any CPU
		{271A786B-846F-40B2-A0A3-FB43B1C32484}.Debug|Any CPU.Build.0 = Debug|Any CPU
		{271A786B-846F-40B2-A0A3-FB43B1C32484}.Release|Any CPU.ActiveCfg = Release|Any CPU
		{271A786B-846F-40B2-A0A3-FB43B1C32484}.Release|Any CPU.Build.0 = Release|Any CPU
		{5FFF01B5-D69B-4442-9F06-F92171A7D2D0}.Debug|Any CPU.ActiveCfg = Debug|Any CPU
		{5FFF01B5-D69B-4442-9F06-F92171A7D2D0}.Debug|Any CPU.Build.0 = Debug|Any CPU
		{5FFF01B5-D69B-4442-9F06-F92171A7D2D0}.Release|Any CPU.ActiveCfg = Release|Any CPU
		{5FFF01B5-D69B-4442-9F06-F92171A7D2D0}.Release|Any CPU.Build.0 = Release|Any CPU
		{2EB81222-A4F9-40E8-96EB-F5F8D702757B}.Debug|Any CPU.ActiveCfg = Debug|Any CPU
		{2EB81222-A4F9-40E8-96EB-F5F8D702757B}.Debug|Any CPU.Build.0 = Debug|Any CPU
		{2EB81222-A4F9-40E8-96EB-F5F8D702757B}.Release|Any CPU.ActiveCfg = Release|Any CPU
		{2EB81222-A4F9-40E8-96EB-F5F8D702757B}.Release|Any CPU.Build.0 = Release|Any CPU
		{E2FB6A3B-91CD-4B24-BF38-9423F2029CBB}.Debug|Any CPU.ActiveCfg = Debug|Any CPU
		{E2FB6A3B-91CD-4B24-BF38-9423F2029CBB}.Debug|Any CPU.Build.0 = Debug|Any CPU
		{E2FB6A3B-91CD-4B24-BF38-9423F2029CBB}.Release|Any CPU.ActiveCfg = Release|Any CPU
		{E2FB6A3B-91CD-4B24-BF38-9423F2029CBB}.Release|Any CPU.Build.0 = Release|Any CPU
		{B49A4819-5551-4C2B-ABA4-E0733C3E34DB}.Debug|Any CPU.ActiveCfg = Debug|Any CPU
		{B49A4819-5551-4C2B-ABA4-E0733C3E34DB}.Debug|Any CPU.Build.0 = Debug|Any CPU
		{B49A4819-5551-4C2B-ABA4-E0733C3E34DB}.Release|Any CPU.ActiveCfg = Release|Any CPU
		{B49A4819-5551-4C2B-ABA4-E0733C3E34DB}.Release|Any CPU.Build.0 = Release|Any CPU
		{982E07FA-983B-46C9-9C1C-8691104C4C52}.Debug|Any CPU.ActiveCfg = Debug|Any CPU
		{982E07FA-983B-46C9-9C1C-8691104C4C52}.Debug|Any CPU.Build.0 = Debug|Any CPU
		{982E07FA-983B-46C9-9C1C-8691104C4C52}.Release|Any CPU.ActiveCfg = Release|Any CPU
		{982E07FA-983B-46C9-9C1C-8691104C4C52}.Release|Any CPU.Build.0 = Release|Any CPU
	EndGlobalSection
	GlobalSection(SolutionProperties) = preSolution
		HideSolutionNode = FALSE
	EndGlobalSection
	GlobalSection(ExtensibilityGlobals) = postSolution
		SolutionGuid = {C5BA445F-BBE2-48FC-9471-43C6F73734E3}
	EndGlobalSection
EndGlobal
